// !$*UTF8*$!
{
	archiveVersion = 1;
	classes = {
	};
	objectVersion = 46;
	objects = {

/* Begin PBXBuildFile section */
		78176FEB195F0F2000A85B8A /* AppDelegate.m in Sources */ = {isa = PBXBuildFile; fileRef = 78176FEA195F0F2000A85B8A /* AppDelegate.m */; };
		78176FEE195F0F4400A85B8A /* MainScreenViewController.m in Sources */ = {isa = PBXBuildFile; fileRef = 78176FED195F0F4400A85B8A /* MainScreenViewController.m */; };
		78176FF2195F153000A85B8A /* MainScreenCollectionViewController.m in Sources */ = {isa = PBXBuildFile; fileRef = 78176FF1195F153000A85B8A /* MainScreenCollectionViewController.m */; };
		78176FF5195F1A3600A85B8A /* MainScreenCollectionViewCell.m in Sources */ = {isa = PBXBuildFile; fileRef = 78176FF4195F1A3600A85B8A /* MainScreenCollectionViewCell.m */; };
		78176FF8195F233700A85B8A /* SDWebImage.framework in Frameworks */ = {isa = PBXBuildFile; fileRef = 78176FF7195F233700A85B8A /* SDWebImage.framework */; };
		78176FFA195F235900A85B8A /* ImageIO.framework in Frameworks */ = {isa = PBXBuildFile; fileRef = 78176FF9195F235900A85B8A /* ImageIO.framework */; };
		78176FFC195F35B400A85B8A /* placeholder.jpeg in Resources */ = {isa = PBXBuildFile; fileRef = 78176FFB195F35B400A85B8A /* placeholder.jpeg */; };
		78177000195F56B200A85B8A /* ImageDetailView.m in Sources */ = {isa = PBXBuildFile; fileRef = 78176FFF195F56B200A85B8A /* ImageDetailView.m */; };
		78177002195F594E00A85B8A /* ImageDetailView.xib in Resources */ = {isa = PBXBuildFile; fileRef = 78177001195F594E00A85B8A /* ImageDetailView.xib */; };
		784953D2195F7D8800BEBFF2 /* ImageObject.m in Sources */ = {isa = PBXBuildFile; fileRef = 784953D1195F7D8800BEBFF2 /* ImageObject.m */; };
		784953D6195F864B00BEBFF2 /* NSString+Extension.m in Sources */ = {isa = PBXBuildFile; fileRef = 784953D5195F864B00BEBFF2 /* NSString+Extension.m */; };
		78FEC105195D147100A4A901 /* Foundation.framework in Frameworks */ = {isa = PBXBuildFile; fileRef = 78FEC104195D147100A4A901 /* Foundation.framework */; };
		78FEC107195D147100A4A901 /* CoreGraphics.framework in Frameworks */ = {isa = PBXBuildFile; fileRef = 78FEC106195D147100A4A901 /* CoreGraphics.framework */; };
		78FEC109195D147100A4A901 /* UIKit.framework in Frameworks */ = {isa = PBXBuildFile; fileRef = 78FEC108195D147100A4A901 /* UIKit.framework */; };
		78FEC10F195D147100A4A901 /* InfoPlist.strings in Resources */ = {isa = PBXBuildFile; fileRef = 78FEC10D195D147100A4A901 /* InfoPlist.strings */; };
		78FEC111195D147100A4A901 /* main.m in Sources */ = {isa = PBXBuildFile; fileRef = 78FEC110195D147100A4A901 /* main.m */; };
		78FEC118195D147100A4A901 /* Main.storyboard in Resources */ = {isa = PBXBuildFile; fileRef = 78FEC116195D147100A4A901 /* Main.storyboard */; };
		78FEC11D195D147100A4A901 /* Images.xcassets in Resources */ = {isa = PBXBuildFile; fileRef = 78FEC11C195D147100A4A901 /* Images.xcassets */; };
		78FEC124195D147100A4A901 /* XCTest.framework in Frameworks */ = {isa = PBXBuildFile; fileRef = 78FEC123195D147100A4A901 /* XCTest.framework */; };
		78FEC125195D147100A4A901 /* Foundation.framework in Frameworks */ = {isa = PBXBuildFile; fileRef = 78FEC104195D147100A4A901 /* Foundation.framework */; };
		78FEC126195D147100A4A901 /* UIKit.framework in Frameworks */ = {isa = PBXBuildFile; fileRef = 78FEC108195D147100A4A901 /* UIKit.framework */; };
		78FEC12E195D147100A4A901 /* InfoPlist.strings in Resources */ = {isa = PBXBuildFile; fileRef = 78FEC12C195D147100A4A901 /* InfoPlist.strings */; };
		78FEC130195D147100A4A901 /* ImageSearchTests.m in Sources */ = {isa = PBXBuildFile; fileRef = 78FEC12F195D147100A4A901 /* ImageSearchTests.m */; };
		78FEC13E195D1C6C00A4A901 /* NetworkManager.m in Sources */ = {isa = PBXBuildFile; fileRef = 78FEC13D195D1C6C00A4A901 /* NetworkManager.m */; };
/* End PBXBuildFile section */

/* Begin PBXContainerItemProxy section */
		78FEC127195D147100A4A901 /* PBXContainerItemProxy */ = {
			isa = PBXContainerItemProxy;
			containerPortal = 78FEC0F9195D147100A4A901 /* Project object */;
			proxyType = 1;
			remoteGlobalIDString = 78FEC100195D147100A4A901;
			remoteInfo = ImageSearch;
		};
/* End PBXContainerItemProxy section */

/* Begin PBXFileReference section */
		78176FE9195F0F2000A85B8A /* AppDelegate.h */ = {isa = PBXFileReference; fileEncoding = 4; lastKnownFileType = sourcecode.c.h; name = AppDelegate.h; path = AppDelegate/AppDelegate.h; sourceTree = "<group>"; };
		78176FEA195F0F2000A85B8A /* AppDelegate.m */ = {isa = PBXFileReference; fileEncoding = 4; lastKnownFileType = sourcecode.c.objc; name = AppDelegate.m; path = AppDelegate/AppDelegate.m; sourceTree = "<group>"; };
		78176FEC195F0F4400A85B8A /* MainScreenViewController.h */ = {isa = PBXFileReference; fileEncoding = 4; lastKnownFileType = sourcecode.c.h; name = MainScreenViewController.h; path = MainScreen/MainScreenViewController.h; sourceTree = "<group>"; };
		78176FED195F0F4400A85B8A /* MainScreenViewController.m */ = {isa = PBXFileReference; fileEncoding = 4; lastKnownFileType = sourcecode.c.objc; name = MainScreenViewController.m; path = MainScreen/MainScreenViewController.m; sourceTree = "<group>"; };
		78176FF0195F153000A85B8A /* MainScreenCollectionViewController.h */ = {isa = PBXFileReference; fileEncoding = 4; lastKnownFileType = sourcecode.c.h; name = MainScreenCollectionViewController.h; path = MainScreen/collectionview/MainScreenCollectionViewController.h; sourceTree = "<group>"; };
		78176FF1195F153000A85B8A /* MainScreenCollectionViewController.m */ = {isa = PBXFileReference; fileEncoding = 4; lastKnownFileType = sourcecode.c.objc; name = MainScreenCollectionViewController.m; path = MainScreen/collectionview/MainScreenCollectionViewController.m; sourceTree = "<group>"; };
		78176FF3195F1A3600A85B8A /* MainScreenCollectionViewCell.h */ = {isa = PBXFileReference; fileEncoding = 4; lastKnownFileType = sourcecode.c.h; name = MainScreenCollectionViewCell.h; path = MainScreen/collectionview/MainScreenCollectionViewCell.h; sourceTree = "<group>"; };
		78176FF4195F1A3600A85B8A /* MainScreenCollectionViewCell.m */ = {isa = PBXFileReference; fileEncoding = 4; lastKnownFileType = sourcecode.c.objc; name = MainScreenCollectionViewCell.m; path = MainScreen/collectionview/MainScreenCollectionViewCell.m; sourceTree = "<group>"; };
		78176FF7195F233700A85B8A /* SDWebImage.framework */ = {isa = PBXFileReference; lastKnownFileType = wrapper.framework; path = SDWebImage.framework; sourceTree = "<group>"; };
		78176FF9195F235900A85B8A /* ImageIO.framework */ = {isa = PBXFileReference; lastKnownFileType = wrapper.framework; name = ImageIO.framework; path = System/Library/Frameworks/ImageIO.framework; sourceTree = SDKROOT; };
		78176FFB195F35B400A85B8A /* placeholder.jpeg */ = {isa = PBXFileReference; lastKnownFileType = image.jpeg; path = placeholder.jpeg; sourceTree = "<group>"; };
		78176FFE195F56B200A85B8A /* ImageDetailView.h */ = {isa = PBXFileReference; fileEncoding = 4; lastKnownFileType = sourcecode.c.h; name = ImageDetailView.h; path = imagedetail/ImageDetailView.h; sourceTree = "<group>"; };
		78176FFF195F56B200A85B8A /* ImageDetailView.m */ = {isa = PBXFileReference; fileEncoding = 4; lastKnownFileType = sourcecode.c.objc; name = ImageDetailView.m; path = imagedetail/ImageDetailView.m; sourceTree = "<group>"; };
		78177001195F594E00A85B8A /* ImageDetailView.xib */ = {isa = PBXFileReference; fileEncoding = 4; lastKnownFileType = file.xib; name = ImageDetailView.xib; path = imagedetail/ImageDetailView.xib; sourceTree = "<group>"; };
		784953D0195F7D8800BEBFF2 /* ImageObject.h */ = {isa = PBXFileReference; fileEncoding = 4; lastKnownFileType = sourcecode.c.h; name = ImageObject.h; path = Common/ImageObject.h; sourceTree = "<group>"; };
		784953D1195F7D8800BEBFF2 /* ImageObject.m */ = {isa = PBXFileReference; fileEncoding = 4; lastKnownFileType = sourcecode.c.objc; name = ImageObject.m; path = Common/ImageObject.m; sourceTree = "<group>"; };
		784953D4195F864B00BEBFF2 /* NSString+Extension.h */ = {isa = PBXFileReference; fileEncoding = 4; lastKnownFileType = sourcecode.c.h; name = "NSString+Extension.h"; path = "utilities/NSString+Extension.h"; sourceTree = "<group>"; };
		784953D5195F864B00BEBFF2 /* NSString+Extension.m */ = {isa = PBXFileReference; fileEncoding = 4; lastKnownFileType = sourcecode.c.objc; name = "NSString+Extension.m"; path = "utilities/NSString+Extension.m"; sourceTree = "<group>"; };
		78FEC101195D147100A4A901 /* ImageSearch.app */ = {isa = PBXFileReference; explicitFileType = wrapper.application; includeInIndex = 0; path = ImageSearch.app; sourceTree = BUILT_PRODUCTS_DIR; };
		78FEC104195D147100A4A901 /* Foundation.framework */ = {isa = PBXFileReference; lastKnownFileType = wrapper.framework; name = Foundation.framework; path = System/Library/Frameworks/Foundation.framework; sourceTree = SDKROOT; };
		78FEC106195D147100A4A901 /* CoreGraphics.framework */ = {isa = PBXFileReference; lastKnownFileType = wrapper.framework; name = CoreGraphics.framework; path = System/Library/Frameworks/CoreGraphics.framework; sourceTree = SDKROOT; };
		78FEC108195D147100A4A901 /* UIKit.framework */ = {isa = PBXFileReference; lastKnownFileType = wrapper.framework; name = UIKit.framework; path = System/Library/Frameworks/UIKit.framework; sourceTree = SDKROOT; };
		78FEC10C195D147100A4A901 /* ImageSearch-Info.plist */ = {isa = PBXFileReference; lastKnownFileType = text.plist.xml; path = "ImageSearch-Info.plist"; sourceTree = "<group>"; };
		78FEC10E195D147100A4A901 /* en */ = {isa = PBXFileReference; lastKnownFileType = text.plist.strings; name = en; path = en.lproj/InfoPlist.strings; sourceTree = "<group>"; };
		78FEC110195D147100A4A901 /* main.m */ = {isa = PBXFileReference; lastKnownFileType = sourcecode.c.objc; path = main.m; sourceTree = "<group>"; };
		78FEC112195D147100A4A901 /* ImageSearch-Prefix.pch */ = {isa = PBXFileReference; lastKnownFileType = sourcecode.c.h; path = "ImageSearch-Prefix.pch"; sourceTree = "<group>"; };
		78FEC117195D147100A4A901 /* Base */ = {isa = PBXFileReference; lastKnownFileType = file.storyboard; name = Base; path = Base.lproj/Main.storyboard; sourceTree = "<group>"; };
		78FEC11C195D147100A4A901 /* Images.xcassets */ = {isa = PBXFileReference; lastKnownFileType = folder.assetcatalog; path = Images.xcassets; sourceTree = "<group>"; };
		78FEC122195D147100A4A901 /* ImageSearchTests.xctest */ = {isa = PBXFileReference; explicitFileType = wrapper.cfbundle; includeInIndex = 0; path = ImageSearchTests.xctest; sourceTree = BUILT_PRODUCTS_DIR; };
		78FEC123195D147100A4A901 /* XCTest.framework */ = {isa = PBXFileReference; lastKnownFileType = wrapper.framework; name = XCTest.framework; path = Library/Frameworks/XCTest.framework; sourceTree = DEVELOPER_DIR; };
		78FEC12B195D147100A4A901 /* ImageSearchTests-Info.plist */ = {isa = PBXFileReference; lastKnownFileType = text.plist.xml; path = "ImageSearchTests-Info.plist"; sourceTree = "<group>"; };
		78FEC12D195D147100A4A901 /* en */ = {isa = PBXFileReference; lastKnownFileType = text.plist.strings; name = en; path = en.lproj/InfoPlist.strings; sourceTree = "<group>"; };
		78FEC12F195D147100A4A901 /* ImageSearchTests.m */ = {isa = PBXFileReference; lastKnownFileType = sourcecode.c.objc; path = ImageSearchTests.m; sourceTree = "<group>"; };
		78FEC13A195D193200A4A901 /* Common.h */ = {isa = PBXFileReference; lastKnownFileType = sourcecode.c.h; name = Common.h; path = Common/Common.h; sourceTree = "<group>"; };
		78FEC13C195D1C6C00A4A901 /* NetworkManager.h */ = {isa = PBXFileReference; fileEncoding = 4; lastKnownFileType = sourcecode.c.h; name = NetworkManager.h; path = NetworkManager/NetworkManager.h; sourceTree = "<group>"; };
		78FEC13D195D1C6C00A4A901 /* NetworkManager.m */ = {isa = PBXFileReference; fileEncoding = 4; lastKnownFileType = sourcecode.c.objc; name = NetworkManager.m; path = NetworkManager/NetworkManager.m; sourceTree = "<group>"; };
		78FEC173195DDF1800A4A901 /* Search.json */ = {isa = PBXFileReference; lastKnownFileType = text.json; name = Search.json; path = Common/Search.json; sourceTree = "<group>"; };
/* End PBXFileReference section */

/* Begin PBXFrameworksBuildPhase section */
		78FEC0FE195D147100A4A901 /* Frameworks */ = {
			isa = PBXFrameworksBuildPhase;
			buildActionMask = 2147483647;
			files = (
				78176FFA195F235900A85B8A /* ImageIO.framework in Frameworks */,
				78176FF8195F233700A85B8A /* SDWebImage.framework in Frameworks */,
				78FEC107195D147100A4A901 /* CoreGraphics.framework in Frameworks */,
				78FEC109195D147100A4A901 /* UIKit.framework in Frameworks */,
				78FEC105195D147100A4A901 /* Foundation.framework in Frameworks */,
			);
			runOnlyForDeploymentPostprocessing = 0;
		};
		78FEC11F195D147100A4A901 /* Frameworks */ = {
			isa = PBXFrameworksBuildPhase;
			buildActionMask = 2147483647;
			files = (
				78FEC124195D147100A4A901 /* XCTest.framework in Frameworks */,
				78FEC126195D147100A4A901 /* UIKit.framework in Frameworks */,
				78FEC125195D147100A4A901 /* Foundation.framework in Frameworks */,
			);
			runOnlyForDeploymentPostprocessing = 0;
		};
/* End PBXFrameworksBuildPhase section */

/* Begin PBXGroup section */
		78176FE7195F0ED000A85B8A /* AppDelegate */ = {
			isa = PBXGroup;
			children = (
				78176FE9195F0F2000A85B8A /* AppDelegate.h */,
				78176FEA195F0F2000A85B8A /* AppDelegate.m */,
			);
			name = AppDelegate;
			sourceTree = "<group>";
		};
		78176FE8195F0EE100A85B8A /* MainScreen */ = {
			isa = PBXGroup;
			children = (
				784953D3195F863900BEBFF2 /* utilities */,
				78176FFD195F565800A85B8A /* imgdetail */,
				78176FEF195F14E100A85B8A /* collectionview */,
				78176FEC195F0F4400A85B8A /* MainScreenViewController.h */,
				78176FED195F0F4400A85B8A /* MainScreenViewController.m */,
			);
			name = MainScreen;
			sourceTree = "<group>";
		};
		78176FEF195F14E100A85B8A /* collectionview */ = {
			isa = PBXGroup;
			children = (
				78176FF0195F153000A85B8A /* MainScreenCollectionViewController.h */,
				78176FF1195F153000A85B8A /* MainScreenCollectionViewController.m */,
				78176FF3195F1A3600A85B8A /* MainScreenCollectionViewCell.h */,
				78176FF4195F1A3600A85B8A /* MainScreenCollectionViewCell.m */,
			);
			name = collectionview;
			sourceTree = "<group>";
		};
		78176FFD195F565800A85B8A /* imgdetail */ = {
			isa = PBXGroup;
			children = (
				78176FFE195F56B200A85B8A /* ImageDetailView.h */,
				78176FFF195F56B200A85B8A /* ImageDetailView.m */,
				78177001195F594E00A85B8A /* ImageDetailView.xib */,
			);
			name = imgdetail;
			sourceTree = "<group>";
		};
		784953D3195F863900BEBFF2 /* utilities */ = {
			isa = PBXGroup;
			children = (
				784953D4195F864B00BEBFF2 /* NSString+Extension.h */,
				784953D5195F864B00BEBFF2 /* NSString+Extension.m */,
			);
			name = utilities;
			sourceTree = "<group>";
		};
		78FEC0F8195D147100A4A901 = {
			isa = PBXGroup;
			children = (
				78FEC10A195D147100A4A901 /* ImageSearch */,
				78FEC129195D147100A4A901 /* ImageSearchTests */,
				78FEC103195D147100A4A901 /* Frameworks */,
				78FEC102195D147100A4A901 /* Products */,
			);
			sourceTree = "<group>";
		};
		78FEC102195D147100A4A901 /* Products */ = {
			isa = PBXGroup;
			children = (
				78FEC101195D147100A4A901 /* ImageSearch.app */,
				78FEC122195D147100A4A901 /* ImageSearchTests.xctest */,
			);
			name = Products;
			sourceTree = "<group>";
		};
		78FEC103195D147100A4A901 /* Frameworks */ = {
			isa = PBXGroup;
			children = (
				78176FF9195F235900A85B8A /* ImageIO.framework */,
				78176FF7195F233700A85B8A /* SDWebImage.framework */,
				78FEC104195D147100A4A901 /* Foundation.framework */,
				78FEC106195D147100A4A901 /* CoreGraphics.framework */,
				78FEC108195D147100A4A901 /* UIKit.framework */,
				78FEC123195D147100A4A901 /* XCTest.framework */,
			);
			name = Frameworks;
			sourceTree = "<group>";
		};
		78FEC10A195D147100A4A901 /* ImageSearch */ = {
			isa = PBXGroup;
			children = (
				78176FE8195F0EE100A85B8A /* MainScreen */,
				78176FE7195F0ED000A85B8A /* AppDelegate */,
				78FEC13B195D1C4700A4A901 /* NetworkManager */,
				78FEC139195D18FC00A4A901 /* Common */,
				78FEC116195D147100A4A901 /* Main.storyboard */,
				78FEC11C195D147100A4A901 /* Images.xcassets */,
				78FEC10B195D147100A4A901 /* Supporting Files */,
			);
			path = ImageSearch;
			sourceTree = "<group>";
		};
		78FEC10B195D147100A4A901 /* Supporting Files */ = {
			isa = PBXGroup;
			children = (
				78176FFB195F35B400A85B8A /* placeholder.jpeg */,
				78FEC10C195D147100A4A901 /* ImageSearch-Info.plist */,
				78FEC10D195D147100A4A901 /* InfoPlist.strings */,
				78FEC110195D147100A4A901 /* main.m */,
				78FEC112195D147100A4A901 /* ImageSearch-Prefix.pch */,
			);
			name = "Supporting Files";
			sourceTree = "<group>";
		};
		78FEC129195D147100A4A901 /* ImageSearchTests */ = {
			isa = PBXGroup;
			children = (
				78FEC12F195D147100A4A901 /* ImageSearchTests.m */,
				78FEC12A195D147100A4A901 /* Supporting Files */,
			);
			path = ImageSearchTests;
			sourceTree = "<group>";
		};
		78FEC12A195D147100A4A901 /* Supporting Files */ = {
			isa = PBXGroup;
			children = (
				78FEC12B195D147100A4A901 /* ImageSearchTests-Info.plist */,
				78FEC12C195D147100A4A901 /* InfoPlist.strings */,
			);
			name = "Supporting Files";
			sourceTree = "<group>";
		};
		78FEC139195D18FC00A4A901 /* Common */ = {
			isa = PBXGroup;
			children = (
				78FEC13A195D193200A4A901 /* Common.h */,
				78FEC173195DDF1800A4A901 /* Search.json */,
				784953D0195F7D8800BEBFF2 /* ImageObject.h */,
				784953D1195F7D8800BEBFF2 /* ImageObject.m */,
			);
			name = Common;
			sourceTree = "<group>";
		};
		78FEC13B195D1C4700A4A901 /* NetworkManager */ = {
			isa = PBXGroup;
			children = (
				78FEC13C195D1C6C00A4A901 /* NetworkManager.h */,
				78FEC13D195D1C6C00A4A901 /* NetworkManager.m */,
			);
			name = NetworkManager;
			sourceTree = "<group>";
		};
/* End PBXGroup section */

/* Begin PBXNativeTarget section */
		78FEC100195D147100A4A901 /* ImageSearch */ = {
			isa = PBXNativeTarget;
			buildConfigurationList = 78FEC133195D147100A4A901 /* Build configuration list for PBXNativeTarget "ImageSearch" */;
			buildPhases = (
				78FEC0FD195D147100A4A901 /* Sources */,
				78FEC0FE195D147100A4A901 /* Frameworks */,
				78FEC0FF195D147100A4A901 /* Resources */,
			);
			buildRules = (
			);
			dependencies = (
			);
			name = ImageSearch;
			productName = ImageSearch;
			productReference = 78FEC101195D147100A4A901 /* ImageSearch.app */;
			productType = "com.apple.product-type.application";
		};
		78FEC121195D147100A4A901 /* ImageSearchTests */ = {
			isa = PBXNativeTarget;
			buildConfigurationList = 78FEC136195D147100A4A901 /* Build configuration list for PBXNativeTarget "ImageSearchTests" */;
			buildPhases = (
				78FEC11E195D147100A4A901 /* Sources */,
				78FEC11F195D147100A4A901 /* Frameworks */,
				78FEC120195D147100A4A901 /* Resources */,
			);
			buildRules = (
			);
			dependencies = (
				78FEC128195D147100A4A901 /* PBXTargetDependency */,
			);
			name = ImageSearchTests;
			productName = ImageSearchTests;
			productReference = 78FEC122195D147100A4A901 /* ImageSearchTests.xctest */;
			productType = "com.apple.product-type.bundle.unit-test";
		};
/* End PBXNativeTarget section */

/* Begin PBXProject section */
		78FEC0F9195D147100A4A901 /* Project object */ = {
			isa = PBXProject;
			attributes = {
				LastUpgradeCheck = 0510;
				ORGANIZATIONNAME = "Can Leloglu";
				TargetAttributes = {
					78FEC121195D147100A4A901 = {
						TestTargetID = 78FEC100195D147100A4A901;
					};
				};
			};
			buildConfigurationList = 78FEC0FC195D147100A4A901 /* Build configuration list for PBXProject "ImageSearch" */;
			compatibilityVersion = "Xcode 3.2";
			developmentRegion = English;
			hasScannedForEncodings = 0;
			knownRegions = (
				en,
				Base,
			);
			mainGroup = 78FEC0F8195D147100A4A901;
			productRefGroup = 78FEC102195D147100A4A901 /* Products */;
			projectDirPath = "";
			projectRoot = "";
			targets = (
				78FEC100195D147100A4A901 /* ImageSearch */,
				78FEC121195D147100A4A901 /* ImageSearchTests */,
			);
		};
/* End PBXProject section */

/* Begin PBXResourcesBuildPhase section */
		78FEC0FF195D147100A4A901 /* Resources */ = {
			isa = PBXResourcesBuildPhase;
			buildActionMask = 2147483647;
			files = (
				78FEC11D195D147100A4A901 /* Images.xcassets in Resources */,
				78FEC10F195D147100A4A901 /* InfoPlist.strings in Resources */,
				78FEC118195D147100A4A901 /* Main.storyboard in Resources */,
				78176FFC195F35B400A85B8A /* placeholder.jpeg in Resources */,
				78177002195F594E00A85B8A /* ImageDetailView.xib in Resources */,
			);
			runOnlyForDeploymentPostprocessing = 0;
		};
		78FEC120195D147100A4A901 /* Resources */ = {
			isa = PBXResourcesBuildPhase;
			buildActionMask = 2147483647;
			files = (
				78FEC12E195D147100A4A901 /* InfoPlist.strings in Resources */,
			);
			runOnlyForDeploymentPostprocessing = 0;
		};
/* End PBXResourcesBuildPhase section */

/* Begin PBXSourcesBuildPhase section */
		78FEC0FD195D147100A4A901 /* Sources */ = {
			isa = PBXSourcesBuildPhase;
			buildActionMask = 2147483647;
			files = (
				78176FEB195F0F2000A85B8A /* AppDelegate.m in Sources */,
				78176FEE195F0F4400A85B8A /* MainScreenViewController.m in Sources */,
				784953D2195F7D8800BEBFF2 /* ImageObject.m in Sources */,
				78FEC13E195D1C6C00A4A901 /* NetworkManager.m in Sources */,
				78176FF5195F1A3600A85B8A /* MainScreenCollectionViewCell.m in Sources */,
				78176FF2195F153000A85B8A /* MainScreenCollectionViewController.m in Sources */,
				78177000195F56B200A85B8A /* ImageDetailView.m in Sources */,
				784953D6195F864B00BEBFF2 /* NSString+Extension.m in Sources */,
				78FEC111195D147100A4A901 /* main.m in Sources */,
			);
			runOnlyForDeploymentPostprocessing = 0;
		};
		78FEC11E195D147100A4A901 /* Sources */ = {
			isa = PBXSourcesBuildPhase;
			buildActionMask = 2147483647;
			files = (
				78FEC130195D147100A4A901 /* ImageSearchTests.m in Sources */,
			);
			runOnlyForDeploymentPostprocessing = 0;
		};
/* End PBXSourcesBuildPhase section */

/* Begin PBXTargetDependency section */
		78FEC128195D147100A4A901 /* PBXTargetDependency */ = {
			isa = PBXTargetDependency;
			target = 78FEC100195D147100A4A901 /* ImageSearch */;
			targetProxy = 78FEC127195D147100A4A901 /* PBXContainerItemProxy */;
		};
/* End PBXTargetDependency section */

/* Begin PBXVariantGroup section */
		78FEC10D195D147100A4A901 /* InfoPlist.strings */ = {
			isa = PBXVariantGroup;
			children = (
				78FEC10E195D147100A4A901 /* en */,
			);
			name = InfoPlist.strings;
			sourceTree = "<group>";
		};
		78FEC116195D147100A4A901 /* Main.storyboard */ = {
			isa = PBXVariantGroup;
			children = (
				78FEC117195D147100A4A901 /* Base */,
			);
			name = Main.storyboard;
			sourceTree = "<group>";
		};
		78FEC12C195D147100A4A901 /* InfoPlist.strings */ = {
			isa = PBXVariantGroup;
			children = (
				78FEC12D195D147100A4A901 /* en */,
			);
			name = InfoPlist.strings;
			sourceTree = "<group>";
		};
/* End PBXVariantGroup section */

/* Begin XCBuildConfiguration section */
		78FEC131195D147100A4A901 /* Debug */ = {
			isa = XCBuildConfiguration;
			buildSettings = {
				ALWAYS_SEARCH_USER_PATHS = NO;
				CLANG_CXX_LANGUAGE_STANDARD = "gnu++0x";
				CLANG_CXX_LIBRARY = "libc++";
				CLANG_ENABLE_MODULES = YES;
				CLANG_ENABLE_OBJC_ARC = YES;
				CLANG_WARN_BOOL_CONVERSION = YES;
				CLANG_WARN_CONSTANT_CONVERSION = YES;
				CLANG_WARN_DIRECT_OBJC_ISA_USAGE = YES_ERROR;
				CLANG_WARN_EMPTY_BODY = YES;
				CLANG_WARN_ENUM_CONVERSION = YES;
				CLANG_WARN_INT_CONVERSION = YES;
				CLANG_WARN_OBJC_ROOT_CLASS = YES_ERROR;
				CLANG_WARN__DUPLICATE_METHOD_MATCH = YES;
				"CODE_SIGN_IDENTITY[sdk=iphoneos*]" = "iPhone Developer";
				COPY_PHASE_STRIP = NO;
				GCC_C_LANGUAGE_STANDARD = gnu99;
				GCC_DYNAMIC_NO_PIC = NO;
				GCC_OPTIMIZATION_LEVEL = 0;
				GCC_PREPROCESSOR_DEFINITIONS = (
					"DEBUG=1",
					"$(inherited)",
				);
				GCC_SYMBOLS_PRIVATE_EXTERN = NO;
				GCC_WARN_64_TO_32_BIT_CONVERSION = YES;
				GCC_WARN_ABOUT_RETURN_TYPE = YES_ERROR;
				GCC_WARN_UNDECLARED_SELECTOR = YES;
				GCC_WARN_UNINITIALIZED_AUTOS = YES_AGGRESSIVE;
				GCC_WARN_UNUSED_FUNCTION = YES;
				GCC_WARN_UNUSED_VARIABLE = YES;
				IPHONEOS_DEPLOYMENT_TARGET = 7.1;
				ONLY_ACTIVE_ARCH = YES;
				SDKROOT = iphoneos;
			};
			name = Debug;
		};
		78FEC132195D147100A4A901 /* Release */ = {
			isa = XCBuildConfiguration;
			buildSettings = {
				ALWAYS_SEARCH_USER_PATHS = NO;
				CLANG_CXX_LANGUAGE_STANDARD = "gnu++0x";
				CLANG_CXX_LIBRARY = "libc++";
				CLANG_ENABLE_MODULES = YES;
				CLANG_ENABLE_OBJC_ARC = YES;
				CLANG_WARN_BOOL_CONVERSION = YES;
				CLANG_WARN_CONSTANT_CONVERSION = YES;
				CLANG_WARN_DIRECT_OBJC_ISA_USAGE = YES_ERROR;
				CLANG_WARN_EMPTY_BODY = YES;
				CLANG_WARN_ENUM_CONVERSION = YES;
				CLANG_WARN_INT_CONVERSION = YES;
				CLANG_WARN_OBJC_ROOT_CLASS = YES_ERROR;
				CLANG_WARN__DUPLICATE_METHOD_MATCH = YES;
				"CODE_SIGN_IDENTITY[sdk=iphoneos*]" = "iPhone Developer";
				COPY_PHASE_STRIP = YES;
				ENABLE_NS_ASSERTIONS = NO;
				GCC_C_LANGUAGE_STANDARD = gnu99;
				GCC_WARN_64_TO_32_BIT_CONVERSION = YES;
				GCC_WARN_ABOUT_RETURN_TYPE = YES_ERROR;
				GCC_WARN_UNDECLARED_SELECTOR = YES;
				GCC_WARN_UNINITIALIZED_AUTOS = YES_AGGRESSIVE;
				GCC_WARN_UNUSED_FUNCTION = YES;
				GCC_WARN_UNUSED_VARIABLE = YES;
				IPHONEOS_DEPLOYMENT_TARGET = 7.1;
				SDKROOT = iphoneos;
				VALIDATE_PRODUCT = YES;
			};
			name = Release;
		};
		78FEC134195D147100A4A901 /* Debug */ = {
			isa = XCBuildConfiguration;
			buildSettings = {
				ASSETCATALOG_COMPILER_APPICON_NAME = AppIcon;
				ASSETCATALOG_COMPILER_LAUNCHIMAGE_NAME = LaunchImage;
				FRAMEWORK_SEARCH_PATHS = (
					"$(inherited)",
					"$(PROJECT_DIR)",
				);
				GCC_PRECOMPILE_PREFIX_HEADER = YES;
				GCC_PREFIX_HEADER = "ImageSearch/ImageSearch-Prefix.pch";
				INFOPLIST_FILE = "ImageSearch/ImageSearch-Info.plist";
				OTHER_LDFLAGS = "-ObjC";
				PRODUCT_NAME = "$(TARGET_NAME)";
				WRAPPER_EXTENSION = app;
			};
			name = Debug;
		};
		78FEC135195D147100A4A901 /* Release */ = {
			isa = XCBuildConfiguration;
			buildSettings = {
				ASSETCATALOG_COMPILER_APPICON_NAME = AppIcon;
				ASSETCATALOG_COMPILER_LAUNCHIMAGE_NAME = LaunchImage;
				FRAMEWORK_SEARCH_PATHS = (
					"$(inherited)",
					"$(PROJECT_DIR)",
				);
				GCC_PRECOMPILE_PREFIX_HEADER = YES;
				GCC_PREFIX_HEADER = "ImageSearch/ImageSearch-Prefix.pch";
				INFOPLIST_FILE = "ImageSearch/ImageSearch-Info.plist";
				OTHER_LDFLAGS = "-ObjC";
				PRODUCT_NAME = "$(TARGET_NAME)";
				WRAPPER_EXTENSION = app;
			};
			name = Release;
		};
		78FEC137195D147100A4A901 /* Debug */ = {
			isa = XCBuildConfiguration;
			buildSettings = {
				BUNDLE_LOADER = "$(BUILT_PRODUCTS_DIR)/ImageSearch.app/ImageSearch";
				FRAMEWORK_SEARCH_PATHS = (
					"$(SDKROOT)/Developer/Library/Frameworks",
					"$(inherited)",
					"$(DEVELOPER_FRAMEWORKS_DIR)",
				);
				GCC_PRECOMPILE_PREFIX_HEADER = YES;
				GCC_PREFIX_HEADER = "ImageSearch/ImageSearch-Prefix.pch";
				GCC_PREPROCESSOR_DEFINITIONS = (
					"DEBUG=1",
					"$(inherited)",
				);
				INFOPLIST_FILE = "ImageSearchTests/ImageSearchTests-Info.plist";
				PRODUCT_NAME = "$(TARGET_NAME)";
				TEST_HOST = "$(BUNDLE_LOADER)";
				WRAPPER_EXTENSION = xctest;
			};
			name = Debug;
		};
		78FEC138195D147100A4A901 /* Release */ = {
			isa = XCBuildConfiguration;
			buildSettings = {
				BUNDLE_LOADER = "$(BUILT_PRODUCTS_DIR)/ImageSearch.app/ImageSearch";
				FRAMEWORK_SEARCH_PATHS = (
					"$(SDKROOT)/Developer/Library/Frameworks",
					"$(inherited)",
					"$(DEVELOPER_FRAMEWORKS_DIR)",
				);
				GCC_PRECOMPILE_PREFIX_HEADER = YES;
				GCC_PREFIX_HEADER = "ImageSearch/ImageSearch-Prefix.pch";
				INFOPLIST_FILE = "ImageSearchTests/ImageSearchTests-Info.plist";
				PRODUCT_NAME = "$(TARGET_NAME)";
				TEST_HOST = "$(BUNDLE_LOADER)";
				WRAPPER_EXTENSION = xctest;
			};
			name = Release;
		};
/* End XCBuildConfiguration section */

/* Begin XCConfigurationList section */
		78FEC0FC195D147100A4A901 /* Build configuration list for PBXProject "ImageSearch" */ = {
			isa = XCConfigurationList;
			buildConfigurations = (
				78FEC131195D147100A4A901 /* Debug */,
				78FEC132195D147100A4A901 /* Release */,
			);
			defaultConfigurationIsVisible = 0;
			defaultConfigurationName = Release;
		};
		78FEC133195D147100A4A901 /* Build configuration list for PBXNativeTarget "ImageSearch" */ = {
			isa = XCConfigurationList;
			buildConfigurations = (
				78FEC134195D147100A4A901 /* Debug */,
				78FEC135195D147100A4A901 /* Release */,
			);
			defaultConfigurationIsVisible = 0;
			defaultConfigurationName = Release;
		};
		78FEC136195D147100A4A901 /* Build configuration list for PBXNativeTarget "ImageSearchTests" */ = {
			isa = XCConfigurationList;
			buildConfigurations = (
				78FEC137195D147100A4A901 /* Debug */,
				78FEC138195D147100A4A901 /* Release */,
			);
			defaultConfigurationIsVisible = 0;
			defaultConfigurationName = Release;
		};
/* End XCConfigurationList section */
	};
	rootObject = 78FEC0F9195D147100A4A901 /* Project object */;
}
